
Microsoft Visual Studio Solution File, Format Version 12.00
# Visual Studio Version 17
VisualStudioVersion = 17.3.32929.385
MinimumVisualStudioVersion = 10.0.40219.1
Project("{9A19103F-16F7-4668-BE54-9A1E7A4F7556}") = "Ex.1", "Ex.1\Ex.1.csproj", "{7C2664D7-F757-4A15-A881-FB32B0FAC0A9}"
EndProject
Project("{9A19103F-16F7-4668-BE54-9A1E7A4F7556}") = "Ex.2", "Ex.2\Ex.2.csproj", "{FD94DD24-9709-466D-8112-DD95B3BAF5C0}"
EndProject
Project("{FAE04EC0-301F-11D3-BF4B-00C04F79EFBC}") = "Ex.3", "Ex.3\Ex.3.csproj", "{3DF4EBC8-44B9-4038-929B-A8B4BEB84C3A}"
EndProject
Global
	GlobalSection(SolutionConfigurationPlatforms) = preSolution
		Debug|Any CPU = Debug|Any CPU
		Release|Any CPU = Release|Any CPU
	EndGlobalSection
	GlobalSection(ProjectConfigurationPlatforms) = postSolution
		{7C2664D7-F757-4A15-A881-FB32B0FAC0A9}.Debug|Any CPU.ActiveCfg = Debug|Any CPU
		{7C2664D7-F757-4A15-A881-FB32B0FAC0A9}.Debug|Any CPU.Build.0 = Debug|Any CPU
		{7C2664D7-F757-4A15-A881-FB32B0FAC0A9}.Release|Any CPU.ActiveCfg = Release|Any CPU
		{7C2664D7-F757-4A15-A881-FB32B0FAC0A9}.Release|Any CPU.Build.0 = Release|Any CPU
		{FD94DD24-9709-466D-8112-DD95B3BAF5C0}.Debug|Any CPU.ActiveCfg = Debug|Any CPU
		{FD94DD24-9709-466D-8112-DD95B3BAF5C0}.Debug|Any CPU.Build.0 = Debug|Any CPU
		{FD94DD24-9709-466D-8112-DD95B3BAF5C0}.Release|Any CPU.ActiveCfg = Release|Any CPU
		{FD94DD24-9709-466D-8112-DD95B3BAF5C0}.Release|Any CPU.Build.0 = Release|Any CPU
		{3DF4EBC8-44B9-4038-929B-A8B4BEB84C3A}.Debug|Any CPU.ActiveCfg = Debug|Any CPU
		{3DF4EBC8-44B9-4038-929B-A8B4BEB84C3A}.Debug|Any CPU.Build.0 = Debug|Any CPU
		{3DF4EBC8-44B9-4038-929B-A8B4BEB84C3A}.Release|Any CPU.ActiveCfg = Release|Any CPU
		{3DF4EBC8-44B9-4038-929B-A8B4BEB84C3A}.Release|Any CPU.Build.0 = Release|Any CPU
	EndGlobalSection
	GlobalSection(SolutionProperties) = preSolution
		HideSolutionNode = FALSE
	EndGlobalSection
	GlobalSection(ExtensibilityGlobals) = postSolution
		SolutionGuid = {D88E23C8-D847-40EF-A9ED-4365962B1BC3}
	EndGlobalSection
EndGlobal
